
Microsoft Visual Studio Solution File, Format Version 12.00
# Visual Studio Version 17
VisualStudioVersion = 17.0.31903.59
MinimumVisualStudioVersion = 10.0.40219.1
Project("{9A19103F-16F7-4668-BE54-9A1E7A4F7556}") = "MixMeal.Web", "MixMeal.Web\MixMeal.Web.csproj", "{49264E3B-4864-46A8-812F-201C80E1B9DC}"
EndProject
Project("{9A19103F-16F7-4668-BE54-9A1E7A4F7556}") = "MixMeal.Web.UnitTests", "MixMeal.Web.UnitTests\MixMeal.Web.UnitTests.csproj", "{A233B4E0-6EC7-432B-AC25-8A4FB48AA288}"
EndProject
Project("{2150E333-8FDC-42A3-9474-1A3956D46DE8}") = "ci", "ci", "{F0326C5C-8676-4083-A51F-5599BB361E36}"
	ProjectSection(SolutionItems) = preProject
		.github\workflows\testing.yml = .github\workflows\testing.yml
	EndProjectSection
EndProject
Project("{2150E333-8FDC-42A3-9474-1A3956D46DE8}") = "docs", "docs", "{EF15D366-9B36-4454-B031-A701C9B786FE}"
	ProjectSection(SolutionItems) = preProject
		LICENSE = LICENSE
		README.md = README.md
	EndProjectSection
EndProject
Project("{FAE04EC0-301F-11D3-BF4B-00C04F79EFBC}") = "MixMeal.Core", "MixMeal.Core\MixMeal.Core.csproj", "{7BF63497-D52D-44E0-9E02-EECBC3432163}"
EndProject
Project("{FAE04EC0-301F-11D3-BF4B-00C04F79EFBC}") = "MixMeal.Modules", "MixMeal.Modules\MixMeal.Modules.csproj", "{1D401EAD-60A3-4CF7-B28B-2FE686AF65E8}"
EndProject
Global
	GlobalSection(SolutionConfigurationPlatforms) = preSolution
		Debug|Any CPU = Debug|Any CPU
		Release|Any CPU = Release|Any CPU
	EndGlobalSection
	GlobalSection(ProjectConfigurationPlatforms) = postSolution
		{49264E3B-4864-46A8-812F-201C80E1B9DC}.Debug|Any CPU.ActiveCfg = Debug|Any CPU
		{49264E3B-4864-46A8-812F-201C80E1B9DC}.Debug|Any CPU.Build.0 = Debug|Any CPU
		{49264E3B-4864-46A8-812F-201C80E1B9DC}.Release|Any CPU.ActiveCfg = Release|Any CPU
		{49264E3B-4864-46A8-812F-201C80E1B9DC}.Release|Any CPU.Build.0 = Release|Any CPU
		{A233B4E0-6EC7-432B-AC25-8A4FB48AA288}.Debug|Any CPU.ActiveCfg = Debug|Any CPU
		{A233B4E0-6EC7-432B-AC25-8A4FB48AA288}.Debug|Any CPU.Build.0 = Debug|Any CPU
		{A233B4E0-6EC7-432B-AC25-8A4FB48AA288}.Release|Any CPU.ActiveCfg = Release|Any CPU
		{A233B4E0-6EC7-432B-AC25-8A4FB48AA288}.Release|Any CPU.Build.0 = Release|Any CPU
		{7BF63497-D52D-44E0-9E02-EECBC3432163}.Debug|Any CPU.ActiveCfg = Debug|Any CPU
		{7BF63497-D52D-44E0-9E02-EECBC3432163}.Debug|Any CPU.Build.0 = Debug|Any CPU
		{7BF63497-D52D-44E0-9E02-EECBC3432163}.Release|Any CPU.ActiveCfg = Release|Any CPU
		{7BF63497-D52D-44E0-9E02-EECBC3432163}.Release|Any CPU.Build.0 = Release|Any CPU
		{1D401EAD-60A3-4CF7-B28B-2FE686AF65E8}.Debug|Any CPU.ActiveCfg = Debug|Any CPU
		{1D401EAD-60A3-4CF7-B28B-2FE686AF65E8}.Debug|Any CPU.Build.0 = Debug|Any CPU
		{1D401EAD-60A3-4CF7-B28B-2FE686AF65E8}.Release|Any CPU.ActiveCfg = Release|Any CPU
		{1D401EAD-60A3-4CF7-B28B-2FE686AF65E8}.Release|Any CPU.Build.0 = Release|Any CPU
	EndGlobalSection
	GlobalSection(SolutionProperties) = preSolution
		HideSolutionNode = FALSE
	EndGlobalSection
	GlobalSection(ExtensibilityGlobals) = postSolution
		SolutionGuid = {196AE6A9-7F2A-4A64-B805-895D09AF992F}
	EndGlobalSection
EndGlobal
